
Microsoft Visual Studio Solution File, Format Version 12.00
# Visual Studio Version 16
VisualStudioVersion = 16.0.31005.135
MinimumVisualStudioVersion = 10.0.40219.1
Project("{FAE04EC0-301F-11D3-BF4B-00C04F79EFBC}") = "Judge", "OJCore\Judge.csproj", "{93095F4A-8576-4D38-9562-16E1BA3D576D}"
EndProject
Project("{FAE04EC0-301F-11D3-BF4B-00C04F79EFBC}") = "JudgeWinFormTest", "JudgeWinFormTest\JudgeWinFormTest.csproj", "{629485A2-1F85-4D91-B92F-5C8872C50ACE}"
EndProject
Global
	GlobalSection(SolutionConfigurationPlatforms) = preSolution
		Debug|Any CPU = Debug|Any CPU
		Debug|x64 = Debug|x64
		Debug|x86 = Debug|x86
		Release|Any CPU = Release|Any CPU
		Release|x64 = Release|x64
		Release|x86 = Release|x86
	EndGlobalSection
	GlobalSection(ProjectConfigurationPlatforms) = postSolution
		{93095F4A-8576-4D38-9562-16E1BA3D576D}.Debug|Any CPU.ActiveCfg = Debug|Any CPU
		{93095F4A-8576-4D38-9562-16E1BA3D576D}.Debug|Any CPU.Build.0 = Debug|Any CPU
		{93095F4A-8576-4D38-9562-16E1BA3D576D}.Debug|x64.ActiveCfg = Debug|Any CPU
		{93095F4A-8576-4D38-9562-16E1BA3D576D}.Debug|x64.Build.0 = Debug|Any CPU
		{93095F4A-8576-4D38-9562-16E1BA3D576D}.Debug|x86.ActiveCfg = Debug|Any CPU
		{93095F4A-8576-4D38-9562-16E1BA3D576D}.Debug|x86.Build.0 = Debug|Any CPU
		{93095F4A-8576-4D38-9562-16E1BA3D576D}.Release|Any CPU.ActiveCfg = Release|Any CPU
		{93095F4A-8576-4D38-9562-16E1BA3D576D}.Release|Any CPU.Build.0 = Release|Any CPU
		{93095F4A-8576-4D38-9562-16E1BA3D576D}.Release|x64.ActiveCfg = Release|Any CPU
		{93095F4A-8576-4D38-9562-16E1BA3D576D}.Release|x64.Build.0 = Release|Any CPU
		{93095F4A-8576-4D38-9562-16E1BA3D576D}.Release|x86.ActiveCfg = Release|Any CPU
		{93095F4A-8576-4D38-9562-16E1BA3D576D}.Release|x86.Build.0 = Release|Any CPU
		{629485A2-1F85-4D91-B92F-5C8872C50ACE}.Debug|Any CPU.ActiveCfg = Debug|Any CPU
		{629485A2-1F85-4D91-B92F-5C8872C50ACE}.Debug|Any CPU.Build.0 = Debug|Any CPU
		{629485A2-1F85-4D91-B92F-5C8872C50ACE}.Debug|x64.ActiveCfg = Debug|Any CPU
		{629485A2-1F85-4D91-B92F-5C8872C50ACE}.Debug|x64.Build.0 = Debug|Any CPU
		{629485A2-1F85-4D91-B92F-5C8872C50ACE}.Debug|x86.ActiveCfg = Debug|Any CPU
		{629485A2-1F85-4D91-B92F-5C8872C50ACE}.Debug|x86.Build.0 = Debug|Any CPU
		{629485A2-1F85-4D91-B92F-5C8872C50ACE}.Release|Any CPU.ActiveCfg = Release|Any CPU
		{629485A2-1F85-4D91-B92F-5C8872C50ACE}.Release|Any CPU.Build.0 = Release|Any CPU
		{629485A2-1F85-4D91-B92F-5C8872C50ACE}.Release|x64.ActiveCfg = Release|Any CPU
		{629485A2-1F85-4D91-B92F-5C8872C50ACE}.Release|x64.Build.0 = Release|Any CPU
		{629485A2-1F85-4D91-B92F-5C8872C50ACE}.Release|x86.ActiveCfg = Release|Any CPU
		{629485A2-1F85-4D91-B92F-5C8872C50ACE}.Release|x86.Build.0 = Release|Any CPU
	EndGlobalSection
	GlobalSection(SolutionProperties) = preSolution
		HideSolutionNode = FALSE
	EndGlobalSection
	GlobalSection(ExtensibilityGlobals) = postSolution
		SolutionGuid = {AD64244A-CC03-4BAF-9140-B80AFF5A490F}
	EndGlobalSection
EndGlobal
